
Microsoft Visual Studio Solution File, Format Version 12.00
# Visual Studio Version 16
VisualStudioVersion = 16.0.30621.155
MinimumVisualStudioVersion = 10.0.40219.1
Project("{FAE04EC0-301F-11D3-BF4B-00C04F79EFBC}") = "WindowsFormsApp1", "WindowsFormsApp1\WindowsFormsApp1.csproj", "{11CC541F-D046-4F0D-BB63-322F33136A25}"
EndProject
Global
	GlobalSection(SolutionConfigurationPlatforms) = preSolution
		Debug|Any CPU = Debug|Any CPU
		Release|Any CPU = Release|Any CPU
	EndGlobalSection
	GlobalSection(ProjectConfigurationPlatforms) = postSolution
		{11CC541F-D046-4F0D-BB63-322F33136A25}.Debug|Any CPU.ActiveCfg = Debug|Any CPU
		{11CC541F-D046-4F0D-BB63-322F33136A25}.Debug|Any CPU.Build.0 = Debug|Any CPU
		{11CC541F-D046-4F0D-BB63-322F33136A25}.Release|Any CPU.ActiveCfg = Release|Any CPU
		{11CC541F-D046-4F0D-BB63-322F33136A25}.Release|Any CPU.Build.0 = Release|Any CPU
	EndGlobalSection
	GlobalSection(SolutionProperties) = preSolution
		HideSolutionNode = FALSE
	EndGlobalSection
	GlobalSection(ExtensibilityGlobals) = postSolution
		SolutionGuid = {7964C819-E10A-429F-AA96-E9C03AEBCA7F}
	EndGlobalSection
EndGlobal
